
Microsoft Visual Studio Solution File, Format Version 12.00
# Visual Studio Version 17
VisualStudioVersion = 17.0.32112.339
MinimumVisualStudioVersion = 10.0.40219.1
Project("{FAE04EC0-301F-11D3-BF4B-00C04F79EFBC}") = "CuaHangBanXeMay", "CuaHangBanXeMay.csproj", "{81A0FD5B-E0CA-45DC-9A31-1C5BE165463D}"
EndProject
Global
	GlobalSection(SolutionConfigurationPlatforms) = preSolution
		Debug|Any CPU = Debug|Any CPU
		Release|Any CPU = Release|Any CPU
	EndGlobalSection
	GlobalSection(ProjectConfigurationPlatforms) = postSolution
		{81A0FD5B-E0CA-45DC-9A31-1C5BE165463D}.Debug|Any CPU.ActiveCfg = Debug|Any CPU
		{81A0FD5B-E0CA-45DC-9A31-1C5BE165463D}.Debug|Any CPU.Build.0 = Debug|Any CPU
		{81A0FD5B-E0CA-45DC-9A31-1C5BE165463D}.Release|Any CPU.ActiveCfg = Release|Any CPU
		{81A0FD5B-E0CA-45DC-9A31-1C5BE165463D}.Release|Any CPU.Build.0 = Release|Any CPU
	EndGlobalSection
	GlobalSection(SolutionProperties) = preSolution
		HideSolutionNode = FALSE
	EndGlobalSection
	GlobalSection(ExtensibilityGlobals) = postSolution
		SolutionGuid = {F86B208B-B1D9-448D-839D-31703F2C393D}
	EndGlobalSection
EndGlobal
